{
  "lockfileVersion": 1,
  "workspaces": {
    "": {
      "name": "apollo",
      "devDependencies": {
        "prettier": "^3.5.0",
        "turbo": "^2.4.2",
        "typescript": "5.7.3",
      },
    },
  },
  "packages": {
    "prettier": ["prettier@3.5.1", "", { "bin": { "prettier": "bin/prettier.cjs" } }, "sha512-hPpFQvHwL3Qv5AdRvBFMhnKo4tYxp0ReXiPn2bxkiohEX6mBeBwEpBSQTkD458RaaDKQMYSp4hX4UtfUTA5wDw=="],

    "turbo": ["turbo@2.4.2", "", { "optionalDependencies": { "turbo-darwin-64": "2.4.2", "turbo-darwin-arm64": "2.4.2", "turbo-linux-64": "2.4.2", "turbo-linux-arm64": "2.4.2", "turbo-windows-64": "2.4.2", "turbo-windows-arm64": "2.4.2" }, "bin": { "turbo": "bin/turbo" } }, "sha512-Qxi0ioQCxMRUCcHKHZkTnYH8e7XCpNfg9QiJcyfWIc+ZXeaCjzV5rCGlbQlTXMAtI8qgfP8fZADv3CFtPwqdPQ=="],

    "turbo-darwin-64": ["turbo-darwin-64@2.4.2", "", { "os": "darwin", "cpu": "x64" }, "sha512-HFfemyWB60CJtEvVQj9yby5rkkWw9fLAdLtAPGtPQoU3tKh8t/uzCAZKso2aPVbib9vGUuGbPGoGpaRXdVhj5g=="],

    "turbo-darwin-arm64": ["turbo-darwin-arm64@2.4.2", "", { "os": "darwin", "cpu": "arm64" }, "sha512-uwSx1dsBSSFeEC0nxyx2O219FEsS/haiESaWwE9JI8mHkQK61s6w6fN2G586krKxyNam4AIxRltleL+O2Em94g=="],

    "turbo-linux-64": ["turbo-linux-64@2.4.2", "", { "os": "linux", "cpu": "x64" }, "sha512-Fy/uL8z/LAYcPbm7a1LwFnTY9pIi5FAi12iuHsgB7zHjdh4eeIKS2NIg4nroAmTcUTUZ0/cVTo4bDOCUcS3aKw=="],

    "turbo-linux-arm64": ["turbo-linux-arm64@2.4.2", "", { "os": "linux", "cpu": "arm64" }, "sha512-AEA0d8h5W/K6iiXfEgiNwWt0yqRL1NpBs8zQCLdc4/L7WeYeJW3sORWX8zt7xhutF/KW9gTm8ehKpiK6cCIsAA=="],

    "turbo-windows-64": ["turbo-windows-64@2.4.2", "", { "os": "win32", "cpu": "x64" }, "sha512-CybtIZ9wRgnnNFVN9En9G+rxsO+mwU81fvW4RpE8BWyNEkhQ8J28qYf4PaimueMxGHHp/28i/G7Kcdn2GAWG0g=="],

    "turbo-windows-arm64": ["turbo-windows-arm64@2.4.2", "", { "os": "win32", "cpu": "arm64" }, "sha512-7V0yneVPL8Y3TgrkUIjw7Odmwu1tHnyIiPHFM7eFcA7U+H6hPXyCxge7nC3wOKfjhKCQqUm+Vf/k6kjmLz5G4g=="],

    "typescript": ["typescript@5.7.3", "", { "bin": { "tsc": "bin/tsc", "tsserver": "bin/tsserver" } }, "sha512-84MVSjMEHP+FQRPy3pX9sTVV/INIex71s9TL2Gm5FG/WG1SqXeKyZ0k7/blY/4FdOzI12CBy1vGc4og/eus0fw=="],
  }
}
